schema: '2.0'
stages:
  data_ingestion:
    cmd: python src/data/data_ingestion.py
    deps:
    - path: src/data/data_ingestion.py
      hash: md5
      md5: ee08a4c31ae467cebbcce70b5cc5491a
      size: 3545
    params:
      params.yaml:
        data_ingestion.test_size: 0.3
    outs:
    - path: data/raw
      hash: md5
      md5: 03b3b604b1f92a17191a7fc947e576d6.dir
      size: 827973
      nfiles: 2
  data_preprocessing:
    cmd: python src/data/data_preprocessing.py
    deps:
    - path: data/raw
      hash: md5
      md5: 03b3b604b1f92a17191a7fc947e576d6.dir
      size: 827973
      nfiles: 2
    - path: src/data/data_preprocessing.py
      hash: md5
      md5: 69c1e925599fe9c337f9de05b76b0176
      size: 3990
    outs:
    - path: data/interim
      hash: md5
      md5: 5dc0cd6aef8578eb36f1b67dc4d67723.dir
      size: 566210
      nfiles: 2
  feature_engineering:
    cmd: python src/features/feature_engineering.py
    deps:
    - path: data/interim
      hash: md5
      md5: 5dc0cd6aef8578eb36f1b67dc4d67723.dir
      size: 566210
      nfiles: 2
    - path: src/features/feature_engineering.py
      hash: md5
      md5: 097ae10a08214ab4b4f4a3dbbf2b252c
      size: 3860
    params:
      params.yaml:
        feature_engineering.max_features: 5000
    outs:
    - path: data/processed
      hash: md5
      md5: b8081e9dca60113474007ae7ee269c74.dir
      size: 103818916
      nfiles: 2
    - path: models/vectorizer.pkl
      hash: md5
      md5: 4230d17f0ca9ceffe63046faed1483a8
      size: 140802
  model_building:
    cmd: python src/model/model_building.py
    deps:
    - path: data/processed
      hash: md5
      md5: b8081e9dca60113474007ae7ee269c74.dir
      size: 103818916
      nfiles: 2
    - path: src/model/model_building.py
      hash: md5
      md5: d914f4a102437157ff10f58ab937b3c7
      size: 2353
    outs:
    - path: models/model.pkl
      hash: md5
      md5: 90033a7c5cd57dcafc3a6c02da299a60
      size: 40698
  model_evaluation:
    cmd: python src/model/model_evaluation.py
    deps:
    - path: models/model.pkl
      hash: md5
      md5: 90033a7c5cd57dcafc3a6c02da299a60
      size: 40698
    - path: src/model/model_evaluation.py
      hash: md5
      md5: 4e6beda9da6452ed38fde6bee36c70ee
      size: 5630
    outs:
    - path: reports/experiment_info.json
      hash: md5
      md5: 0962b821d3e6e8907199da7635638da0
      size: 82
    - path: reports/metrics.json
      hash: md5
      md5: 32e63d988704e6288ba532ee06e2ffea
      size: 144
  model_registration:
    cmd: python src/model/register_model.py
    deps:
    - path: reports/experiment_info.json
      hash: md5
      md5: 0962b821d3e6e8907199da7635638da0
      size: 82
    - path: src/model/register_model.py
      hash: md5
      md5: 3a952c3a93a98b8cf7ccb38e4cab26fb
      size: 2863
